
Microsoft Visual Studio Solution File, Format Version 12.00
# Visual Studio Version 17
VisualStudioVersion = 17.6.33815.320
MinimumVisualStudioVersion = 10.0.40219.1
Project("{9A19103F-16F7-4668-BE54-9A1E7A4F7556}") = "TournamentApi", "TournamentApi\TournamentApi.csproj", "{3D4CEE61-CA89-4173-9007-85E9F39D94B7}"
EndProject
Project("{9A19103F-16F7-4668-BE54-9A1E7A4F7556}") = "Model", "Model\Model.csproj", "{3A350748-64EB-4DCB-97B4-3FBC3947586A}"
EndProject
Global
	GlobalSection(SolutionConfigurationPlatforms) = preSolution
		Debug|Any CPU = Debug|Any CPU
		Release|Any CPU = Release|Any CPU
	EndGlobalSection
	GlobalSection(ProjectConfigurationPlatforms) = postSolution
		{3D4CEE61-CA89-4173-9007-85E9F39D94B7}.Debug|Any CPU.ActiveCfg = Debug|Any CPU
		{3D4CEE61-CA89-4173-9007-85E9F39D94B7}.Debug|Any CPU.Build.0 = Debug|Any CPU
		{3D4CEE61-CA89-4173-9007-85E9F39D94B7}.Release|Any CPU.ActiveCfg = Release|Any CPU
		{3D4CEE61-CA89-4173-9007-85E9F39D94B7}.Release|Any CPU.Build.0 = Release|Any CPU
		{3A350748-64EB-4DCB-97B4-3FBC3947586A}.Debug|Any CPU.ActiveCfg = Debug|Any CPU
		{3A350748-64EB-4DCB-97B4-3FBC3947586A}.Debug|Any CPU.Build.0 = Debug|Any CPU
		{3A350748-64EB-4DCB-97B4-3FBC3947586A}.Release|Any CPU.ActiveCfg = Release|Any CPU
		{3A350748-64EB-4DCB-97B4-3FBC3947586A}.Release|Any CPU.Build.0 = Release|Any CPU
	EndGlobalSection
	GlobalSection(SolutionProperties) = preSolution
		HideSolutionNode = FALSE
	EndGlobalSection
	GlobalSection(ExtensibilityGlobals) = postSolution
		SolutionGuid = {21B47ED6-DC80-4C9E-918C-F32D5AC3BE23}
	EndGlobalSection
EndGlobal
